
Microsoft Visual Studio Solution File, Format Version 12.00
# Visual Studio 15
VisualStudioVersion = 15.0.26228.4
MinimumVisualStudioVersion = 10.0.40219.1
Project("{FAE04EC0-301F-11D3-BF4B-00C04F79EFBC}") = "CityTransportData", "CityTransportData\CityTransportData.csproj", "{382BE82B-EC80-4B7D-8612-1C48728EBE97}"
EndProject
Global
	GlobalSection(SolutionConfigurationPlatforms) = preSolution
		Debug|Any CPU = Debug|Any CPU
		Release|Any CPU = Release|Any CPU
	EndGlobalSection
	GlobalSection(ProjectConfigurationPlatforms) = postSolution
		{382BE82B-EC80-4B7D-8612-1C48728EBE97}.Debug|Any CPU.ActiveCfg = Debug|Any CPU
		{382BE82B-EC80-4B7D-8612-1C48728EBE97}.Debug|Any CPU.Build.0 = Debug|Any CPU
		{382BE82B-EC80-4B7D-8612-1C48728EBE97}.Release|Any CPU.ActiveCfg = Release|Any CPU
		{382BE82B-EC80-4B7D-8612-1C48728EBE97}.Release|Any CPU.Build.0 = Release|Any CPU
	EndGlobalSection
	GlobalSection(SolutionProperties) = preSolution
		HideSolutionNode = FALSE
	EndGlobalSection
EndGlobal
